
Microsoft Visual Studio Solution File, Format Version 12.00
# Visual Studio Version 16
VisualStudioVersion = 16.0.30204.135
MinimumVisualStudioVersion = 10.0.40219.1
Project("{FAE04EC0-301F-11D3-BF4B-00C04F79EFBC}") = "FoodBot", "FoodBot\FoodBot.csproj", "{5FF65622-BDB1-47CD-B80E-B14E98F7D34B}"
EndProject
Global
	GlobalSection(SolutionConfigurationPlatforms) = preSolution
		Debug|Any CPU = Debug|Any CPU
		Release|Any CPU = Release|Any CPU
	EndGlobalSection
	GlobalSection(ProjectConfigurationPlatforms) = postSolution
		{5FF65622-BDB1-47CD-B80E-B14E98F7D34B}.Debug|Any CPU.ActiveCfg = Debug|Any CPU
		{5FF65622-BDB1-47CD-B80E-B14E98F7D34B}.Debug|Any CPU.Build.0 = Debug|Any CPU
		{5FF65622-BDB1-47CD-B80E-B14E98F7D34B}.Release|Any CPU.ActiveCfg = Release|Any CPU
		{5FF65622-BDB1-47CD-B80E-B14E98F7D34B}.Release|Any CPU.Build.0 = Release|Any CPU
	EndGlobalSection
	GlobalSection(SolutionProperties) = preSolution
		HideSolutionNode = FALSE
	EndGlobalSection
	GlobalSection(ExtensibilityGlobals) = postSolution
		SolutionGuid = {500FBC20-3637-4459-9EBD-FA5D5A78D2C4}
	EndGlobalSection
EndGlobal
