
Microsoft Visual Studio Solution File, Format Version 12.00
# Visual Studio Version 16
VisualStudioVersion = 16.0.30204.135
MinimumVisualStudioVersion = 10.0.40219.1
Project("{9A19103F-16F7-4668-BE54-9A1E7A4F7556}") = "FoodBot", "FoodBot\FoodBot.csproj", "{5FF65622-BDB1-47CD-B80E-B14E98F7D34B}"
EndProject
Project("{FAE04EC0-301F-11D3-BF4B-00C04F79EFBC}") = "FoodBotAPI", "FoodBotAPI\FoodBotAPI.csproj", "{647ED00C-6194-4DF4-85F3-B28A125F8E1B}"
EndProject
Project("{FAE04EC0-301F-11D3-BF4B-00C04F79EFBC}") = "FoodBot.Dal", "FoodBot.Dal\FoodBot.Dal.csproj", "{E6FEC615-9976-4539-9597-D87B4D49BDB8}"
EndProject
Global
	GlobalSection(SolutionConfigurationPlatforms) = preSolution
		Debug|Any CPU = Debug|Any CPU
		Debug|x64 = Debug|x64
		Release|Any CPU = Release|Any CPU
		Release|x64 = Release|x64
	EndGlobalSection
	GlobalSection(ProjectConfigurationPlatforms) = postSolution
		{5FF65622-BDB1-47CD-B80E-B14E98F7D34B}.Debug|Any CPU.ActiveCfg = Debug|Any CPU
		{5FF65622-BDB1-47CD-B80E-B14E98F7D34B}.Debug|Any CPU.Build.0 = Debug|Any CPU
		{5FF65622-BDB1-47CD-B80E-B14E98F7D34B}.Debug|x64.ActiveCfg = Debug|x64
		{5FF65622-BDB1-47CD-B80E-B14E98F7D34B}.Debug|x64.Build.0 = Debug|x64
		{5FF65622-BDB1-47CD-B80E-B14E98F7D34B}.Release|Any CPU.ActiveCfg = Release|Any CPU
		{5FF65622-BDB1-47CD-B80E-B14E98F7D34B}.Release|Any CPU.Build.0 = Release|Any CPU
		{5FF65622-BDB1-47CD-B80E-B14E98F7D34B}.Release|x64.ActiveCfg = Release|x64
		{5FF65622-BDB1-47CD-B80E-B14E98F7D34B}.Release|x64.Build.0 = Release|x64
		{647ED00C-6194-4DF4-85F3-B28A125F8E1B}.Debug|Any CPU.ActiveCfg = Debug|Any CPU
		{647ED00C-6194-4DF4-85F3-B28A125F8E1B}.Debug|Any CPU.Build.0 = Debug|Any CPU
		{647ED00C-6194-4DF4-85F3-B28A125F8E1B}.Debug|x64.ActiveCfg = Debug|Any CPU
		{647ED00C-6194-4DF4-85F3-B28A125F8E1B}.Debug|x64.Build.0 = Debug|Any CPU
		{647ED00C-6194-4DF4-85F3-B28A125F8E1B}.Release|Any CPU.ActiveCfg = Release|Any CPU
		{647ED00C-6194-4DF4-85F3-B28A125F8E1B}.Release|Any CPU.Build.0 = Release|Any CPU
		{647ED00C-6194-4DF4-85F3-B28A125F8E1B}.Release|x64.ActiveCfg = Release|Any CPU
		{647ED00C-6194-4DF4-85F3-B28A125F8E1B}.Release|x64.Build.0 = Release|Any CPU
		{E6FEC615-9976-4539-9597-D87B4D49BDB8}.Debug|Any CPU.ActiveCfg = Debug|Any CPU
		{E6FEC615-9976-4539-9597-D87B4D49BDB8}.Debug|Any CPU.Build.0 = Debug|Any CPU
		{E6FEC615-9976-4539-9597-D87B4D49BDB8}.Debug|x64.ActiveCfg = Debug|Any CPU
		{E6FEC615-9976-4539-9597-D87B4D49BDB8}.Debug|x64.Build.0 = Debug|Any CPU
		{E6FEC615-9976-4539-9597-D87B4D49BDB8}.Release|Any CPU.ActiveCfg = Release|Any CPU
		{E6FEC615-9976-4539-9597-D87B4D49BDB8}.Release|Any CPU.Build.0 = Release|Any CPU
		{E6FEC615-9976-4539-9597-D87B4D49BDB8}.Release|x64.ActiveCfg = Release|Any CPU
		{E6FEC615-9976-4539-9597-D87B4D49BDB8}.Release|x64.Build.0 = Release|Any CPU
	EndGlobalSection
	GlobalSection(SolutionProperties) = preSolution
		HideSolutionNode = FALSE
	EndGlobalSection
	GlobalSection(ExtensibilityGlobals) = postSolution
		SolutionGuid = {500FBC20-3637-4459-9EBD-FA5D5A78D2C4}
	EndGlobalSection
EndGlobal
